<?xml version="1.0" encoding="UTF-8"?>
<Scheme
   version = "1.3">
   <BuildAction>
      <BuildActionEntries>
         <BuildActionEntry
            buildForRunning = "YES">
            <BuildableReference
               BuildableIdentifier = "primary"
               BlueprintIdentifier = "D0C0E31A2827D82F00795CD0"
               BuildableName = "SimpleKeyboardApp.app"
               BlueprintName = "SimpleKeyboardApp"
               ReferencedContainer = "container:SimpleKeyboardApp.xcodeproj">
            </BuildableReference>
         </BuildActionEntry>
      </BuildActionEntries>
   </BuildAction>
   <LaunchAction
      useCustomWorkingDirectory = "NO"
      buildConfiguration = "Debug"
      allowLocationSimulation = "YES">
      <BuildableProductRunnable>
         <BuildableReference
            BuildableIdentifier = "primary"
            BlueprintIdentifier = "D0C0E31A2827D82F00795CD0"
            BuildableName = "SimpleKeyboardApp.app"
            BlueprintName = "SimpleKeyboardApp"
            ReferencedContainer = "container:SimpleKeyboardApp.xcodeproj">
         </BuildableReference>
      </BuildableProductRunnable>
   </LaunchAction>
</Scheme>
