// !$*UTF8*$!
{
	archiveVersion = 1;
	classes = {
	};
	objectVersion = 55;
	objects = {

/* Begin PBXBuildFile section */
		659F2273541A97045A973D14 /* FakeAutocompleteProvider.swift in Sources */ = {isa = PBXBuildFile; fileRef = 659F22E8DA333527C4703BCE /* FakeAutocompleteProvider.swift */; };
		CECE6E1C28A261220030E858 /* ReadAndGetList.swift in Sources */ = {isa = PBXBuildFile; fileRef = CECE6E1B28A261220030E858 /* ReadAndGetList.swift */; };
		CEDABB97289B40780076851A /* vocabulary-list.csv in Resources */ = {isa = PBXBuildFile; fileRef = CEDABB96289B40780076851A /* vocabulary-list.csv */; };
		D0C0E31F2827D82F00795CD0 /* AppDelegate.swift in Sources */ = {isa = PBXBuildFile; fileRef = D0C0E31E2827D82F00795CD0 /* AppDelegate.swift */; };
		D0C0E3212827D82F00795CD0 /* SceneDelegate.swift in Sources */ = {isa = PBXBuildFile; fileRef = D0C0E3202827D82F00795CD0 /* SceneDelegate.swift */; };
		D0C0E3232827D82F00795CD0 /* ViewController.swift in Sources */ = {isa = PBXBuildFile; fileRef = D0C0E3222827D82F00795CD0 /* ViewController.swift */; };
		D0C0E3262827D82F00795CD0 /* Main.storyboard in Resources */ = {isa = PBXBuildFile; fileRef = D0C0E3242827D82F00795CD0 /* Main.storyboard */; };
		D0C0E3282827D83500795CD0 /* Assets.xcassets in Resources */ = {isa = PBXBuildFile; fileRef = D0C0E3272827D83500795CD0 /* Assets.xcassets */; };
		D0C0E32B2827D83500795CD0 /* LaunchScreen.storyboard in Resources */ = {isa = PBXBuildFile; fileRef = D0C0E3292827D83500795CD0 /* LaunchScreen.storyboard */; };
		D0C0E3362827D83500795CD0 /* SimpleKeyboardAppTests.swift in Sources */ = {isa = PBXBuildFile; fileRef = D0C0E3352827D83500795CD0 /* SimpleKeyboardAppTests.swift */; };
		D0C0E3402827D83500795CD0 /* SimpleKeyboardAppUITests.swift in Sources */ = {isa = PBXBuildFile; fileRef = D0C0E33F2827D83500795CD0 /* SimpleKeyboardAppUITests.swift */; };
		D0C0E3422827D83500795CD0 /* SimpleKeyboardAppUITestsLaunchTests.swift in Sources */ = {isa = PBXBuildFile; fileRef = D0C0E3412827D83500795CD0 /* SimpleKeyboardAppUITestsLaunchTests.swift */; };
		D0C0E3552827D87F00795CD0 /* KeyboardViewController.swift in Sources */ = {isa = PBXBuildFile; fileRef = D0C0E3542827D87F00795CD0 /* KeyboardViewController.swift */; };
		D0C0E3592827D87F00795CD0 /* SimpleKeyboard.appex in Embed App Extensions */ = {isa = PBXBuildFile; fileRef = D0C0E3522827D87E00795CD0 /* SimpleKeyboard.appex */; settings = {ATTRIBUTES = (RemoveHeadersOnCopy, ); }; };
		D0CE809828BDB7900057AE78 /* KeyboardKit in Frameworks */ = {isa = PBXBuildFile; productRef = D0CE809728BDB7900057AE78 /* KeyboardKit */; };
		D0D054B1283A571C000C1D69 /* KeyboardView.swift in Sources */ = {isa = PBXBuildFile; fileRef = D0D054B0283A571C000C1D69 /* KeyboardView.swift */; };
		D0D054B3283A57DA000C1D69 /* DemonAutocompleteToolbar.swift in Sources */ = {isa = PBXBuildFile; fileRef = D0D054B2283A57DA000C1D69 /* DemonAutocompleteToolbar.swift */; };
		D0E5C390283F6A3F008F897B /* AutocompleteKeyboardView.swift in Sources */ = {isa = PBXBuildFile; fileRef = D0E5C38F283F6A3F008F897B /* AutocompleteKeyboardView.swift */; };
		D0F7505D29067CB700906B70 /* db.swift in Sources */ = {isa = PBXBuildFile; fileRef = D0F7505C29067CB700906B70 /* db.swift */; };
		D0F7505F29067CF800906B70 /* Phrase.swift in Sources */ = {isa = PBXBuildFile; fileRef = D0F7505E29067CF800906B70 /* Phrase.swift */; };
		D0F750622906801000906B70 /* test.swift in Sources */ = {isa = PBXBuildFile; fileRef = D0F750612906801000906B70 /* test.swift */; };
/* End PBXBuildFile section */

/* Begin PBXContainerItemProxy section */
		D0C0E3322827D83500795CD0 /* PBXContainerItemProxy */ = {
			isa = PBXContainerItemProxy;
			containerPortal = D0C0E3132827D82F00795CD0 /* Project object */;
			proxyType = 1;
			remoteGlobalIDString = D0C0E31A2827D82F00795CD0;
			remoteInfo = SimpleKeyboardApp;
		};
		D0C0E33C2827D83500795CD0 /* PBXContainerItemProxy */ = {
			isa = PBXContainerItemProxy;
			containerPortal = D0C0E3132827D82F00795CD0 /* Project object */;
			proxyType = 1;
			remoteGlobalIDString = D0C0E31A2827D82F00795CD0;
			remoteInfo = SimpleKeyboardApp;
		};
		D0C0E3572827D87F00795CD0 /* PBXContainerItemProxy */ = {
			isa = PBXContainerItemProxy;
			containerPortal = D0C0E3132827D82F00795CD0 /* Project object */;
			proxyType = 1;
			remoteGlobalIDString = D0C0E3512827D87E00795CD0;
			remoteInfo = SimpleKeyboard;
		};
/* End PBXContainerItemProxy section */

/* Begin PBXCopyFilesBuildPhase section */
		D0C0E35A2827D87F00795CD0 /* Embed App Extensions */ = {
			isa = PBXCopyFilesBuildPhase;
			buildActionMask = 2147483647;
			dstPath = "";
			dstSubfolderSpec = 13;
			files = (
				D0C0E3592827D87F00795CD0 /* SimpleKeyboard.appex in Embed App Extensions */,
			);
			name = "Embed App Extensions";
			runOnlyForDeploymentPostprocessing = 0;
		};
/* End PBXCopyFilesBuildPhase section */

/* Begin PBXFileReference section */
		659F22E8DA333527C4703BCE /* FakeAutocompleteProvider.swift */ = {isa = PBXFileReference; fileEncoding = 4; lastKnownFileType = sourcecode.swift; path = FakeAutocompleteProvider.swift; sourceTree = "<group>"; };
		CECE6E1B28A261220030E858 /* ReadAndGetList.swift */ = {isa = PBXFileReference; lastKnownFileType = sourcecode.swift; path = ReadAndGetList.swift; sourceTree = "<group>"; };
		CEDABB96289B40780076851A /* vocabulary-list.csv */ = {isa = PBXFileReference; fileEncoding = 4; lastKnownFileType = text; path = "vocabulary-list.csv"; sourceTree = "<group>"; };
		D0C0E31B2827D82F00795CD0 /* SimpleKeyboardApp.app */ = {isa = PBXFileReference; explicitFileType = wrapper.application; includeInIndex = 0; path = SimpleKeyboardApp.app; sourceTree = BUILT_PRODUCTS_DIR; };
		D0C0E31E2827D82F00795CD0 /* AppDelegate.swift */ = {isa = PBXFileReference; lastKnownFileType = sourcecode.swift; path = AppDelegate.swift; sourceTree = "<group>"; };
		D0C0E3202827D82F00795CD0 /* SceneDelegate.swift */ = {isa = PBXFileReference; lastKnownFileType = sourcecode.swift; path = SceneDelegate.swift; sourceTree = "<group>"; };
		D0C0E3222827D82F00795CD0 /* ViewController.swift */ = {isa = PBXFileReference; lastKnownFileType = sourcecode.swift; path = ViewController.swift; sourceTree = "<group>"; };
		D0C0E3252827D82F00795CD0 /* Base */ = {isa = PBXFileReference; lastKnownFileType = file.storyboard; name = Base; path = Base.lproj/Main.storyboard; sourceTree = "<group>"; };
		D0C0E3272827D83500795CD0 /* Assets.xcassets */ = {isa = PBXFileReference; lastKnownFileType = folder.assetcatalog; path = Assets.xcassets; sourceTree = "<group>"; };
		D0C0E32A2827D83500795CD0 /* Base */ = {isa = PBXFileReference; lastKnownFileType = file.storyboard; name = Base; path = Base.lproj/LaunchScreen.storyboard; sourceTree = "<group>"; };
		D0C0E32C2827D83500795CD0 /* Info.plist */ = {isa = PBXFileReference; lastKnownFileType = text.plist.xml; path = Info.plist; sourceTree = "<group>"; };
		D0C0E3312827D83500795CD0 /* SimpleKeyboardAppTests.xctest */ = {isa = PBXFileReference; explicitFileType = wrapper.cfbundle; includeInIndex = 0; path = SimpleKeyboardAppTests.xctest; sourceTree = BUILT_PRODUCTS_DIR; };
		D0C0E3352827D83500795CD0 /* SimpleKeyboardAppTests.swift */ = {isa = PBXFileReference; lastKnownFileType = sourcecode.swift; path = SimpleKeyboardAppTests.swift; sourceTree = "<group>"; };
		D0C0E33B2827D83500795CD0 /* SimpleKeyboardAppUITests.xctest */ = {isa = PBXFileReference; explicitFileType = wrapper.cfbundle; includeInIndex = 0; path = SimpleKeyboardAppUITests.xctest; sourceTree = BUILT_PRODUCTS_DIR; };
		D0C0E33F2827D83500795CD0 /* SimpleKeyboardAppUITests.swift */ = {isa = PBXFileReference; lastKnownFileType = sourcecode.swift; path = SimpleKeyboardAppUITests.swift; sourceTree = "<group>"; };
		D0C0E3412827D83500795CD0 /* SimpleKeyboardAppUITestsLaunchTests.swift */ = {isa = PBXFileReference; lastKnownFileType = sourcecode.swift; path = SimpleKeyboardAppUITestsLaunchTests.swift; sourceTree = "<group>"; };
		D0C0E3522827D87E00795CD0 /* SimpleKeyboard.appex */ = {isa = PBXFileReference; explicitFileType = "wrapper.app-extension"; includeInIndex = 0; path = SimpleKeyboard.appex; sourceTree = BUILT_PRODUCTS_DIR; };
		D0C0E3542827D87F00795CD0 /* KeyboardViewController.swift */ = {isa = PBXFileReference; lastKnownFileType = sourcecode.swift; path = KeyboardViewController.swift; sourceTree = "<group>"; };
		D0C0E3562827D87F00795CD0 /* Info.plist */ = {isa = PBXFileReference; lastKnownFileType = text.plist.xml; path = Info.plist; sourceTree = "<group>"; };
		D0D054B0283A571C000C1D69 /* KeyboardView.swift */ = {isa = PBXFileReference; lastKnownFileType = sourcecode.swift; path = KeyboardView.swift; sourceTree = "<group>"; };
		D0D054B2283A57DA000C1D69 /* DemonAutocompleteToolbar.swift */ = {isa = PBXFileReference; lastKnownFileType = sourcecode.swift; path = DemonAutocompleteToolbar.swift; sourceTree = "<group>"; };
		D0E5C38F283F6A3F008F897B /* AutocompleteKeyboardView.swift */ = {isa = PBXFileReference; lastKnownFileType = sourcecode.swift; path = AutocompleteKeyboardView.swift; sourceTree = "<group>"; };
		D0F7505C29067CB700906B70 /* db.swift */ = {isa = PBXFileReference; lastKnownFileType = sourcecode.swift; path = db.swift; sourceTree = "<group>"; };
		D0F7505E29067CF800906B70 /* Phrase.swift */ = {isa = PBXFileReference; lastKnownFileType = sourcecode.swift; path = Phrase.swift; sourceTree = "<group>"; };
		D0F7506029067D1B00906B70 /* libsqlite3.tbd */ = {isa = PBXFileReference; lastKnownFileType = "sourcecode.text-based-dylib-definition"; name = libsqlite3.tbd; path = usr/lib/libsqlite3.tbd; sourceTree = SDKROOT; };
		D0F750612906801000906B70 /* test.swift */ = {isa = PBXFileReference; lastKnownFileType = sourcecode.swift; path = test.swift; sourceTree = "<group>"; };
/* End PBXFileReference section */

/* Begin PBXFrameworksBuildPhase section */
		D0C0E3182827D82F00795CD0 /* Frameworks */ = {
			isa = PBXFrameworksBuildPhase;
			buildActionMask = 2147483647;
			files = (
			);
			runOnlyForDeploymentPostprocessing = 0;
		};
		D0C0E32E2827D83500795CD0 /* Frameworks */ = {
			isa = PBXFrameworksBuildPhase;
			buildActionMask = 2147483647;
			files = (
			);
			runOnlyForDeploymentPostprocessing = 0;
		};
		D0C0E3382827D83500795CD0 /* Frameworks */ = {
			isa = PBXFrameworksBuildPhase;
			buildActionMask = 2147483647;
			files = (
			);
			runOnlyForDeploymentPostprocessing = 0;
		};
		D0C0E34F2827D87E00795CD0 /* Frameworks */ = {
			isa = PBXFrameworksBuildPhase;
			buildActionMask = 2147483647;
			files = (
				D0CE809828BDB7900057AE78 /* KeyboardKit in Frameworks */,
			);
			runOnlyForDeploymentPostprocessing = 0;
		};
/* End PBXFrameworksBuildPhase section */

/* Begin PBXGroup section */
		D0C0E3122827D82F00795CD0 = {
			isa = PBXGroup;
			children = (
				D0C0E31D2827D82F00795CD0 /* SimpleKeyboardApp */,
				D0C0E3342827D83500795CD0 /* SimpleKeyboardAppTests */,
				D0C0E33E2827D83500795CD0 /* SimpleKeyboardAppUITests */,
				D0C0E3532827D87F00795CD0 /* SimpleKeyboard */,
				D0C0E31C2827D82F00795CD0 /* Products */,
				D0C0E3612828CE8700795CD0 /* Frameworks */,
			);
			sourceTree = "<group>";
		};
		D0C0E31C2827D82F00795CD0 /* Products */ = {
			isa = PBXGroup;
			children = (
				D0C0E31B2827D82F00795CD0 /* SimpleKeyboardApp.app */,
				D0C0E3312827D83500795CD0 /* SimpleKeyboardAppTests.xctest */,
				D0C0E33B2827D83500795CD0 /* SimpleKeyboardAppUITests.xctest */,
				D0C0E3522827D87E00795CD0 /* SimpleKeyboard.appex */,
			);
			name = Products;
			sourceTree = "<group>";
		};
		D0C0E31D2827D82F00795CD0 /* SimpleKeyboardApp */ = {
			isa = PBXGroup;
			children = (
				D0C0E31E2827D82F00795CD0 /* AppDelegate.swift */,
				D0C0E3202827D82F00795CD0 /* SceneDelegate.swift */,
				D0C0E3222827D82F00795CD0 /* ViewController.swift */,
				D0C0E3242827D82F00795CD0 /* Main.storyboard */,
				D0C0E3272827D83500795CD0 /* Assets.xcassets */,
				D0C0E3292827D83500795CD0 /* LaunchScreen.storyboard */,
				D0C0E32C2827D83500795CD0 /* Info.plist */,
			);
			path = SimpleKeyboardApp;
			sourceTree = "<group>";
		};
		D0C0E3342827D83500795CD0 /* SimpleKeyboardAppTests */ = {
			isa = PBXGroup;
			children = (
				D0C0E3352827D83500795CD0 /* SimpleKeyboardAppTests.swift */,
			);
			path = SimpleKeyboardAppTests;
			sourceTree = "<group>";
		};
		D0C0E33E2827D83500795CD0 /* SimpleKeyboardAppUITests */ = {
			isa = PBXGroup;
			children = (
				D0C0E33F2827D83500795CD0 /* SimpleKeyboardAppUITests.swift */,
				D0C0E3412827D83500795CD0 /* SimpleKeyboardAppUITestsLaunchTests.swift */,
			);
			path = SimpleKeyboardAppUITests;
			sourceTree = "<group>";
		};
		D0C0E3532827D87F00795CD0 /* SimpleKeyboard */ = {
			isa = PBXGroup;
			children = (
				D0D054B2283A57DA000C1D69 /* DemonAutocompleteToolbar.swift */,
				D0D054B0283A571C000C1D69 /* KeyboardView.swift */,
				D0C0E3542827D87F00795CD0 /* KeyboardViewController.swift */,
				D0C0E3562827D87F00795CD0 /* Info.plist */,
				CECE6E1B28A261220030E858 /* ReadAndGetList.swift */,
				659F22E8DA333527C4703BCE /* FakeAutocompleteProvider.swift */,
				D0E5C38F283F6A3F008F897B /* AutocompleteKeyboardView.swift */,
				CEDABB96289B40780076851A /* vocabulary-list.csv */,
				D0F7505C29067CB700906B70 /* db.swift */,
				D0F7505E29067CF800906B70 /* Phrase.swift */,
				D0F750612906801000906B70 /* test.swift */,
			);
			path = SimpleKeyboard;
			sourceTree = "<group>";
		};
		D0C0E3612828CE8700795CD0 /* Frameworks */ = {
			isa = PBXGroup;
			children = (
				D0F7506029067D1B00906B70 /* libsqlite3.tbd */,
			);
			name = Frameworks;
			sourceTree = "<group>";
		};
/* End PBXGroup section */

/* Begin PBXNativeTarget section */
		D0C0E31A2827D82F00795CD0 /* SimpleKeyboardApp */ = {
			isa = PBXNativeTarget;
			buildConfigurationList = D0C0E3452827D83500795CD0 /* Build configuration list for PBXNativeTarget "SimpleKeyboardApp" */;
			buildPhases = (
				D0C0E3172827D82F00795CD0 /* Sources */,
				D0C0E3182827D82F00795CD0 /* Frameworks */,
				D0C0E3192827D82F00795CD0 /* Resources */,
				D0C0E35A2827D87F00795CD0 /* Embed App Extensions */,
			);
			buildRules = (
			);
			dependencies = (
				D0C0E3582827D87F00795CD0 /* PBXTargetDependency */,
			);
			name = SimpleKeyboardApp;
			packageProductDependencies = (
			);
			productName = SimpleKeyboardApp;
			productReference = D0C0E31B2827D82F00795CD0 /* SimpleKeyboardApp.app */;
			productType = "com.apple.product-type.application";
		};
		D0C0E3302827D83500795CD0 /* SimpleKeyboardAppTests */ = {
			isa = PBXNativeTarget;
			buildConfigurationList = D0C0E3482827D83500795CD0 /* Build configuration list for PBXNativeTarget "SimpleKeyboardAppTests" */;
			buildPhases = (
				D0C0E32D2827D83500795CD0 /* Sources */,
				D0C0E32E2827D83500795CD0 /* Frameworks */,
				D0C0E32F2827D83500795CD0 /* Resources */,
			);
			buildRules = (
			);
			dependencies = (
				D0C0E3332827D83500795CD0 /* PBXTargetDependency */,
			);
			name = SimpleKeyboardAppTests;
			productName = SimpleKeyboardAppTests;
			productReference = D0C0E3312827D83500795CD0 /* SimpleKeyboardAppTests.xctest */;
			productType = "com.apple.product-type.bundle.unit-test";
		};
		D0C0E33A2827D83500795CD0 /* SimpleKeyboardAppUITests */ = {
			isa = PBXNativeTarget;
			buildConfigurationList = D0C0E34B2827D83500795CD0 /* Build configuration list for PBXNativeTarget "SimpleKeyboardAppUITests" */;
			buildPhases = (
				D0C0E3372827D83500795CD0 /* Sources */,
				D0C0E3382827D83500795CD0 /* Frameworks */,
				D0C0E3392827D83500795CD0 /* Resources */,
			);
			buildRules = (
			);
			dependencies = (
				D0C0E33D2827D83500795CD0 /* PBXTargetDependency */,
			);
			name = SimpleKeyboardAppUITests;
			productName = SimpleKeyboardAppUITests;
			productReference = D0C0E33B2827D83500795CD0 /* SimpleKeyboardAppUITests.xctest */;
			productType = "com.apple.product-type.bundle.ui-testing";
		};
		D0C0E3512827D87E00795CD0 /* SimpleKeyboard */ = {
			isa = PBXNativeTarget;
			buildConfigurationList = D0C0E35D2827D87F00795CD0 /* Build configuration list for PBXNativeTarget "SimpleKeyboard" */;
			buildPhases = (
				D0C0E34E2827D87E00795CD0 /* Sources */,
				D0C0E34F2827D87E00795CD0 /* Frameworks */,
				D0C0E3502827D87E00795CD0 /* Resources */,
			);
			buildRules = (
			);
			dependencies = (
			);
			name = SimpleKeyboard;
			packageProductDependencies = (
				D0CE809728BDB7900057AE78 /* KeyboardKit */,
			);
			productName = SimpleKeyboard;
			productReference = D0C0E3522827D87E00795CD0 /* SimpleKeyboard.appex */;
			productType = "com.apple.product-type.app-extension";
		};
/* End PBXNativeTarget section */

/* Begin PBXProject section */
		D0C0E3132827D82F00795CD0 /* Project object */ = {
			isa = PBXProject;
			attributes = {
				BuildIndependentTargetsInParallel = 1;
				LastSwiftUpdateCheck = 1310;
				LastUpgradeCheck = 1310;
				TargetAttributes = {
					D0C0E31A2827D82F00795CD0 = {
						CreatedOnToolsVersion = 13.1;
					};
					D0C0E3302827D83500795CD0 = {
						CreatedOnToolsVersion = 13.1;
						TestTargetID = D0C0E31A2827D82F00795CD0;
					};
					D0C0E33A2827D83500795CD0 = {
						CreatedOnToolsVersion = 13.1;
						TestTargetID = D0C0E31A2827D82F00795CD0;
					};
					D0C0E3512827D87E00795CD0 = {
						CreatedOnToolsVersion = 13.1;
					};
				};
			};
			buildConfigurationList = D0C0E3162827D82F00795CD0 /* Build configuration list for PBXProject "SimpleKeyboardApp" */;
			compatibilityVersion = "Xcode 13.0";
			developmentRegion = en;
			hasScannedForEncodings = 0;
			knownRegions = (
				en,
				Base,
			);
			mainGroup = D0C0E3122827D82F00795CD0;
			packageReferences = (
				D0C0E35E2828CE2600795CD0 /* XCRemoteSwiftPackageReference "KeyboardKit" */,
			);
			productRefGroup = D0C0E31C2827D82F00795CD0 /* Products */;
			projectDirPath = "";
			projectRoot = "";
			targets = (
				D0C0E31A2827D82F00795CD0 /* SimpleKeyboardApp */,
				D0C0E3302827D83500795CD0 /* SimpleKeyboardAppTests */,
				D0C0E33A2827D83500795CD0 /* SimpleKeyboardAppUITests */,
				D0C0E3512827D87E00795CD0 /* SimpleKeyboard */,
			);
		};
/* End PBXProject section */

/* Begin PBXResourcesBuildPhase section */
		D0C0E3192827D82F00795CD0 /* Resources */ = {
			isa = PBXResourcesBuildPhase;
			buildActionMask = 2147483647;
			files = (
				D0C0E32B2827D83500795CD0 /* LaunchScreen.storyboard in Resources */,
				D0C0E3282827D83500795CD0 /* Assets.xcassets in Resources */,
				D0C0E3262827D82F00795CD0 /* Main.storyboard in Resources */,
			);
			runOnlyForDeploymentPostprocessing = 0;
		};
		D0C0E32F2827D83500795CD0 /* Resources */ = {
			isa = PBXResourcesBuildPhase;
			buildActionMask = 2147483647;
			files = (
			);
			runOnlyForDeploymentPostprocessing = 0;
		};
		D0C0E3392827D83500795CD0 /* Resources */ = {
			isa = PBXResourcesBuildPhase;
			buildActionMask = 2147483647;
			files = (
			);
			runOnlyForDeploymentPostprocessing = 0;
		};
		D0C0E3502827D87E00795CD0 /* Resources */ = {
			isa = PBXResourcesBuildPhase;
			buildActionMask = 2147483647;
			files = (
				CEDABB97289B40780076851A /* vocabulary-list.csv in Resources */,
			);
			runOnlyForDeploymentPostprocessing = 0;
		};
/* End PBXResourcesBuildPhase section */

/* Begin PBXSourcesBuildPhase section */
		D0C0E3172827D82F00795CD0 /* Sources */ = {
			isa = PBXSourcesBuildPhase;
			buildActionMask = 2147483647;
			files = (
				D0C0E3232827D82F00795CD0 /* ViewController.swift in Sources */,
				D0C0E31F2827D82F00795CD0 /* AppDelegate.swift in Sources */,
				D0C0E3212827D82F00795CD0 /* SceneDelegate.swift in Sources */,
			);
			runOnlyForDeploymentPostprocessing = 0;
		};
		D0C0E32D2827D83500795CD0 /* Sources */ = {
			isa = PBXSourcesBuildPhase;
			buildActionMask = 2147483647;
			files = (
				D0C0E3362827D83500795CD0 /* SimpleKeyboardAppTests.swift in Sources */,
			);
			runOnlyForDeploymentPostprocessing = 0;
		};
		D0C0E3372827D83500795CD0 /* Sources */ = {
			isa = PBXSourcesBuildPhase;
			buildActionMask = 2147483647;
			files = (
				D0C0E3402827D83500795CD0 /* SimpleKeyboardAppUITests.swift in Sources */,
				D0C0E3422827D83500795CD0 /* SimpleKeyboardAppUITestsLaunchTests.swift in Sources */,
			);
			runOnlyForDeploymentPostprocessing = 0;
		};
		D0C0E34E2827D87E00795CD0 /* Sources */ = {
			isa = PBXSourcesBuildPhase;
			buildActionMask = 2147483647;
			files = (
				D0D054B1283A571C000C1D69 /* KeyboardView.swift in Sources */,
				D0D054B3283A57DA000C1D69 /* DemonAutocompleteToolbar.swift in Sources */,
				D0F7505F29067CF800906B70 /* Phrase.swift in Sources */,
				D0C0E3552827D87F00795CD0 /* KeyboardViewController.swift in Sources */,
				D0F750622906801000906B70 /* test.swift in Sources */,
				D0F7505D29067CB700906B70 /* db.swift in Sources */,
				659F2273541A97045A973D14 /* FakeAutocompleteProvider.swift in Sources */,
				CECE6E1C28A261220030E858 /* ReadAndGetList.swift in Sources */,
				D0E5C390283F6A3F008F897B /* AutocompleteKeyboardView.swift in Sources */,
			);
			runOnlyForDeploymentPostprocessing = 0;
		};
/* End PBXSourcesBuildPhase section */

/* Begin PBXTargetDependency section */
		D0C0E3332827D83500795CD0 /* PBXTargetDependency */ = {
			isa = PBXTargetDependency;
			target = D0C0E31A2827D82F00795CD0 /* SimpleKeyboardApp */;
			targetProxy = D0C0E3322827D83500795CD0 /* PBXContainerItemProxy */;
		};
		D0C0E33D2827D83500795CD0 /* PBXTargetDependency */ = {
			isa = PBXTargetDependency;
			target = D0C0E31A2827D82F00795CD0 /* SimpleKeyboardApp */;
			targetProxy = D0C0E33C2827D83500795CD0 /* PBXContainerItemProxy */;
		};
		D0C0E3582827D87F00795CD0 /* PBXTargetDependency */ = {
			isa = PBXTargetDependency;
			target = D0C0E3512827D87E00795CD0 /* SimpleKeyboard */;
			targetProxy = D0C0E3572827D87F00795CD0 /* PBXContainerItemProxy */;
		};
/* End PBXTargetDependency section */

/* Begin PBXVariantGroup section */
		D0C0E3242827D82F00795CD0 /* Main.storyboard */ = {
			isa = PBXVariantGroup;
			children = (
				D0C0E3252827D82F00795CD0 /* Base */,
			);
			name = Main.storyboard;
			sourceTree = "<group>";
		};
		D0C0E3292827D83500795CD0 /* LaunchScreen.storyboard */ = {
			isa = PBXVariantGroup;
			children = (
				D0C0E32A2827D83500795CD0 /* Base */,
			);
			name = LaunchScreen.storyboard;
			sourceTree = "<group>";
		};
/* End PBXVariantGroup section */

/* Begin XCBuildConfiguration section */
		D0C0E3432827D83500795CD0 /* Debug */ = {
			isa = XCBuildConfiguration;
			buildSettings = {
				ALWAYS_SEARCH_USER_PATHS = NO;
				CLANG_ANALYZER_NONNULL = YES;
				CLANG_ANALYZER_NUMBER_OBJECT_CONVERSION = YES_AGGRESSIVE;
				CLANG_CXX_LANGUAGE_STANDARD = "gnu++17";
				CLANG_CXX_LIBRARY = "libc++";
				CLANG_ENABLE_MODULES = YES;
				CLANG_ENABLE_OBJC_ARC = YES;
				CLANG_ENABLE_OBJC_WEAK = YES;
				CLANG_WARN_BLOCK_CAPTURE_AUTORELEASING = YES;
				CLANG_WARN_BOOL_CONVERSION = YES;
				CLANG_WARN_COMMA = YES;
				CLANG_WARN_CONSTANT_CONVERSION = YES;
				CLANG_WARN_DEPRECATED_OBJC_IMPLEMENTATIONS = YES;
				CLANG_WARN_DIRECT_OBJC_ISA_USAGE = YES_ERROR;
				CLANG_WARN_DOCUMENTATION_COMMENTS = YES;
				CLANG_WARN_EMPTY_BODY = YES;
				CLANG_WARN_ENUM_CONVERSION = YES;
				CLANG_WARN_INFINITE_RECURSION = YES;
				CLANG_WARN_INT_CONVERSION = YES;
				CLANG_WARN_NON_LITERAL_NULL_CONVERSION = YES;
				CLANG_WARN_OBJC_IMPLICIT_RETAIN_SELF = YES;
				CLANG_WARN_OBJC_LITERAL_CONVERSION = YES;
				CLANG_WARN_OBJC_ROOT_CLASS = YES_ERROR;
				CLANG_WARN_QUOTED_INCLUDE_IN_FRAMEWORK_HEADER = YES;
				CLANG_WARN_RANGE_LOOP_ANALYSIS = YES;
				CLANG_WARN_STRICT_PROTOTYPES = YES;
				CLANG_WARN_SUSPICIOUS_MOVE = YES;
				CLANG_WARN_UNGUARDED_AVAILABILITY = YES_AGGRESSIVE;
				CLANG_WARN_UNREACHABLE_CODE = YES;
				CLANG_WARN__DUPLICATE_METHOD_MATCH = YES;
				COPY_PHASE_STRIP = NO;
				DEBUG_INFORMATION_FORMAT = dwarf;
				ENABLE_STRICT_OBJC_MSGSEND = YES;
				ENABLE_TESTABILITY = YES;
				GCC_C_LANGUAGE_STANDARD = gnu11;
				GCC_DYNAMIC_NO_PIC = NO;
				GCC_NO_COMMON_BLOCKS = YES;
				GCC_OPTIMIZATION_LEVEL = 0;
				GCC_PREPROCESSOR_DEFINITIONS = (
					"DEBUG=1",
					"$(inherited)",
				);
				GCC_WARN_64_TO_32_BIT_CONVERSION = YES;
				GCC_WARN_ABOUT_RETURN_TYPE = YES_ERROR;
				GCC_WARN_UNDECLARED_SELECTOR = YES;
				GCC_WARN_UNINITIALIZED_AUTOS = YES_AGGRESSIVE;
				GCC_WARN_UNUSED_FUNCTION = YES;
				GCC_WARN_UNUSED_VARIABLE = YES;
				IPHONEOS_DEPLOYMENT_TARGET = 15.0;
				MTL_ENABLE_DEBUG_INFO = INCLUDE_SOURCE;
				MTL_FAST_MATH = YES;
				ONLY_ACTIVE_ARCH = YES;
				SDKROOT = iphoneos;
				SWIFT_ACTIVE_COMPILATION_CONDITIONS = DEBUG;
				SWIFT_OPTIMIZATION_LEVEL = "-Onone";
			};
			name = Debug;
		};
		D0C0E3442827D83500795CD0 /* Release */ = {
			isa = XCBuildConfiguration;
			buildSettings = {
				ALWAYS_SEARCH_USER_PATHS = NO;
				CLANG_ANALYZER_NONNULL = YES;
				CLANG_ANALYZER_NUMBER_OBJECT_CONVERSION = YES_AGGRESSIVE;
				CLANG_CXX_LANGUAGE_STANDARD = "gnu++17";
				CLANG_CXX_LIBRARY = "libc++";
				CLANG_ENABLE_MODULES = YES;
				CLANG_ENABLE_OBJC_ARC = YES;
				CLANG_ENABLE_OBJC_WEAK = YES;
				CLANG_WARN_BLOCK_CAPTURE_AUTORELEASING = YES;
				CLANG_WARN_BOOL_CONVERSION = YES;
				CLANG_WARN_COMMA = YES;
				CLANG_WARN_CONSTANT_CONVERSION = YES;
				CLANG_WARN_DEPRECATED_OBJC_IMPLEMENTATIONS = YES;
				CLANG_WARN_DIRECT_OBJC_ISA_USAGE = YES_ERROR;
				CLANG_WARN_DOCUMENTATION_COMMENTS = YES;
				CLANG_WARN_EMPTY_BODY = YES;
				CLANG_WARN_ENUM_CONVERSION = YES;
				CLANG_WARN_INFINITE_RECURSION = YES;
				CLANG_WARN_INT_CONVERSION = YES;
				CLANG_WARN_NON_LITERAL_NULL_CONVERSION = YES;
				CLANG_WARN_OBJC_IMPLICIT_RETAIN_SELF = YES;
				CLANG_WARN_OBJC_LITERAL_CONVERSION = YES;
				CLANG_WARN_OBJC_ROOT_CLASS = YES_ERROR;
				CLANG_WARN_QUOTED_INCLUDE_IN_FRAMEWORK_HEADER = YES;
				CLANG_WARN_RANGE_LOOP_ANALYSIS = YES;
				CLANG_WARN_STRICT_PROTOTYPES = YES;
				CLANG_WARN_SUSPICIOUS_MOVE = YES;
				CLANG_WARN_UNGUARDED_AVAILABILITY = YES_AGGRESSIVE;
				CLANG_WARN_UNREACHABLE_CODE = YES;
				CLANG_WARN__DUPLICATE_METHOD_MATCH = YES;
				COPY_PHASE_STRIP = NO;
				DEBUG_INFORMATION_FORMAT = "dwarf-with-dsym";
				ENABLE_NS_ASSERTIONS = NO;
				ENABLE_STRICT_OBJC_MSGSEND = YES;
				GCC_C_LANGUAGE_STANDARD = gnu11;
				GCC_NO_COMMON_BLOCKS = YES;
				GCC_WARN_64_TO_32_BIT_CONVERSION = YES;
				GCC_WARN_ABOUT_RETURN_TYPE = YES_ERROR;
				GCC_WARN_UNDECLARED_SELECTOR = YES;
				GCC_WARN_UNINITIALIZED_AUTOS = YES_AGGRESSIVE;
				GCC_WARN_UNUSED_FUNCTION = YES;
				GCC_WARN_UNUSED_VARIABLE = YES;
				IPHONEOS_DEPLOYMENT_TARGET = 15.0;
				MTL_ENABLE_DEBUG_INFO = NO;
				MTL_FAST_MATH = YES;
				SDKROOT = iphoneos;
				SWIFT_COMPILATION_MODE = wholemodule;
				SWIFT_OPTIMIZATION_LEVEL = "-O";
				VALIDATE_PRODUCT = YES;
			};
			name = Release;
		};
		D0C0E3462827D83500795CD0 /* Debug */ = {
			isa = XCBuildConfiguration;
			buildSettings = {
				ALWAYS_EMBED_SWIFT_STANDARD_LIBRARIES = YES;
				ASSETCATALOG_COMPILER_APPICON_NAME = AppIcon;
				ASSETCATALOG_COMPILER_GLOBAL_ACCENT_COLOR_NAME = AccentColor;
				CODE_SIGN_STYLE = Automatic;
				CURRENT_PROJECT_VERSION = 1;
				DEVELOPMENT_TEAM = Q22D7D2L68;
				GENERATE_INFOPLIST_FILE = YES;
				INFOPLIST_FILE = SimpleKeyboardApp/Info.plist;
				INFOPLIST_KEY_UIApplicationSupportsIndirectInputEvents = YES;
				INFOPLIST_KEY_UILaunchStoryboardName = LaunchScreen;
				INFOPLIST_KEY_UIMainStoryboardFile = Main;
				INFOPLIST_KEY_UISupportedInterfaceOrientations_iPad = "UIInterfaceOrientationPortrait UIInterfaceOrientationPortraitUpsideDown UIInterfaceOrientationLandscapeLeft UIInterfaceOrientationLandscapeRight";
				INFOPLIST_KEY_UISupportedInterfaceOrientations_iPhone = "UIInterfaceOrientationPortrait UIInterfaceOrientationLandscapeLeft UIInterfaceOrientationLandscapeRight";
				LD_RUNPATH_SEARCH_PATHS = (
					"$(inherited)",
					"@executable_path/Frameworks",
				);
				MARKETING_VERSION = 1.0;
				PRODUCT_BUNDLE_IDENTIFIER = "Peter-Zhong.SimpleKeyboardApp";
				PRODUCT_NAME = "$(TARGET_NAME)";
				SWIFT_EMIT_LOC_STRINGS = YES;
				SWIFT_VERSION = 5.0;
				TARGETED_DEVICE_FAMILY = "1,2";
			};
			name = Debug;
		};
		D0C0E3472827D83500795CD0 /* Release */ = {
			isa = XCBuildConfiguration;
			buildSettings = {
				ALWAYS_EMBED_SWIFT_STANDARD_LIBRARIES = YES;
				ASSETCATALOG_COMPILER_APPICON_NAME = AppIcon;
				ASSETCATALOG_COMPILER_GLOBAL_ACCENT_COLOR_NAME = AccentColor;
				CODE_SIGN_STYLE = Automatic;
				CURRENT_PROJECT_VERSION = 1;
				DEVELOPMENT_TEAM = Q22D7D2L68;
				GENERATE_INFOPLIST_FILE = YES;
				INFOPLIST_FILE = SimpleKeyboardApp/Info.plist;
				INFOPLIST_KEY_UIApplicationSupportsIndirectInputEvents = YES;
				INFOPLIST_KEY_UILaunchStoryboardName = LaunchScreen;
				INFOPLIST_KEY_UIMainStoryboardFile = Main;
				INFOPLIST_KEY_UISupportedInterfaceOrientations_iPad = "UIInterfaceOrientationPortrait UIInterfaceOrientationPortraitUpsideDown UIInterfaceOrientationLandscapeLeft UIInterfaceOrientationLandscapeRight";
				INFOPLIST_KEY_UISupportedInterfaceOrientations_iPhone = "UIInterfaceOrientationPortrait UIInterfaceOrientationLandscapeLeft UIInterfaceOrientationLandscapeRight";
				LD_RUNPATH_SEARCH_PATHS = (
					"$(inherited)",
					"@executable_path/Frameworks",
				);
				MARKETING_VERSION = 1.0;
				PRODUCT_BUNDLE_IDENTIFIER = "Peter-Zhong.SimpleKeyboardApp";
				PRODUCT_NAME = "$(TARGET_NAME)";
				SWIFT_EMIT_LOC_STRINGS = YES;
				SWIFT_VERSION = 5.0;
				TARGETED_DEVICE_FAMILY = "1,2";
			};
			name = Release;
		};
		D0C0E3492827D83500795CD0 /* Debug */ = {
			isa = XCBuildConfiguration;
			buildSettings = {
				ALWAYS_EMBED_SWIFT_STANDARD_LIBRARIES = YES;
				BUNDLE_LOADER = "$(TEST_HOST)";
				CODE_SIGN_STYLE = Automatic;
				CURRENT_PROJECT_VERSION = 1;
				DEVELOPMENT_TEAM = Q22D7D2L68;
				GENERATE_INFOPLIST_FILE = YES;
				IPHONEOS_DEPLOYMENT_TARGET = 15.0;
				LD_RUNPATH_SEARCH_PATHS = (
					"$(inherited)",
					"@executable_path/Frameworks",
					"@loader_path/Frameworks",
				);
				MARKETING_VERSION = 1.0;
				PRODUCT_BUNDLE_IDENTIFIER = "Peter-Zhong.SimpleKeyboardAppTests";
				PRODUCT_NAME = "$(TARGET_NAME)";
				SWIFT_EMIT_LOC_STRINGS = NO;
				SWIFT_VERSION = 5.0;
				TARGETED_DEVICE_FAMILY = "1,2";
				TEST_HOST = "$(BUILT_PRODUCTS_DIR)/SimpleKeyboardApp.app/SimpleKeyboardApp";
			};
			name = Debug;
		};
		D0C0E34A2827D83500795CD0 /* Release */ = {
			isa = XCBuildConfiguration;
			buildSettings = {
				ALWAYS_EMBED_SWIFT_STANDARD_LIBRARIES = YES;
				BUNDLE_LOADER = "$(TEST_HOST)";
				CODE_SIGN_STYLE = Automatic;
				CURRENT_PROJECT_VERSION = 1;
				DEVELOPMENT_TEAM = Q22D7D2L68;
				GENERATE_INFOPLIST_FILE = YES;
				IPHONEOS_DEPLOYMENT_TARGET = 15.0;
				LD_RUNPATH_SEARCH_PATHS = (
					"$(inherited)",
					"@executable_path/Frameworks",
					"@loader_path/Frameworks",
				);
				MARKETING_VERSION = 1.0;
				PRODUCT_BUNDLE_IDENTIFIER = "Peter-Zhong.SimpleKeyboardAppTests";
				PRODUCT_NAME = "$(TARGET_NAME)";
				SWIFT_EMIT_LOC_STRINGS = NO;
				SWIFT_VERSION = 5.0;
				TARGETED_DEVICE_FAMILY = "1,2";
				TEST_HOST = "$(BUILT_PRODUCTS_DIR)/SimpleKeyboardApp.app/SimpleKeyboardApp";
			};
			name = Release;
		};
		D0C0E34C2827D83500795CD0 /* Debug */ = {
			isa = XCBuildConfiguration;
			buildSettings = {
				ALWAYS_EMBED_SWIFT_STANDARD_LIBRARIES = YES;
				CODE_SIGN_STYLE = Automatic;
				CURRENT_PROJECT_VERSION = 1;
				DEVELOPMENT_TEAM = Q22D7D2L68;
				GENERATE_INFOPLIST_FILE = YES;
				LD_RUNPATH_SEARCH_PATHS = (
					"$(inherited)",
					"@executable_path/Frameworks",
					"@loader_path/Frameworks",
				);
				MARKETING_VERSION = 1.0;
				PRODUCT_BUNDLE_IDENTIFIER = "Peter-Zhong.SimpleKeyboardAppUITests";
				PRODUCT_NAME = "$(TARGET_NAME)";
				SWIFT_EMIT_LOC_STRINGS = NO;
				SWIFT_VERSION = 5.0;
				TARGETED_DEVICE_FAMILY = "1,2";
				TEST_TARGET_NAME = SimpleKeyboardApp;
			};
			name = Debug;
		};
		D0C0E34D2827D83500795CD0 /* Release */ = {
			isa = XCBuildConfiguration;
			buildSettings = {
				ALWAYS_EMBED_SWIFT_STANDARD_LIBRARIES = YES;
				CODE_SIGN_STYLE = Automatic;
				CURRENT_PROJECT_VERSION = 1;
				DEVELOPMENT_TEAM = Q22D7D2L68;
				GENERATE_INFOPLIST_FILE = YES;
				LD_RUNPATH_SEARCH_PATHS = (
					"$(inherited)",
					"@executable_path/Frameworks",
					"@loader_path/Frameworks",
				);
				MARKETING_VERSION = 1.0;
				PRODUCT_BUNDLE_IDENTIFIER = "Peter-Zhong.SimpleKeyboardAppUITests";
				PRODUCT_NAME = "$(TARGET_NAME)";
				SWIFT_EMIT_LOC_STRINGS = NO;
				SWIFT_VERSION = 5.0;
				TARGETED_DEVICE_FAMILY = "1,2";
				TEST_TARGET_NAME = SimpleKeyboardApp;
			};
			name = Release;
		};
		D0C0E35B2827D87F00795CD0 /* Debug */ = {
			isa = XCBuildConfiguration;
			buildSettings = {
				CODE_SIGN_STYLE = Automatic;
				CURRENT_PROJECT_VERSION = 1;
				DEVELOPMENT_TEAM = Q22D7D2L68;
				GENERATE_INFOPLIST_FILE = YES;
				INFOPLIST_FILE = SimpleKeyboard/Info.plist;
				INFOPLIST_KEY_CFBundleDisplayName = SimpleKeyboard;
				INFOPLIST_KEY_NSHumanReadableCopyright = "";
				LD_RUNPATH_SEARCH_PATHS = (
					"$(inherited)",
					"@executable_path/Frameworks",
					"@executable_path/../../Frameworks",
				);
				MARKETING_VERSION = 1.0;
				PRODUCT_BUNDLE_IDENTIFIER = "Peter-Zhong.SimpleKeyboardApp.SimpleKeyboard";
				PRODUCT_NAME = "$(TARGET_NAME)";
				SKIP_INSTALL = YES;
				SWIFT_EMIT_LOC_STRINGS = YES;
				SWIFT_VERSION = 5.0;
				TARGETED_DEVICE_FAMILY = "1,2";
			};
			name = Debug;
		};
		D0C0E35C2827D87F00795CD0 /* Release */ = {
			isa = XCBuildConfiguration;
			buildSettings = {
				CODE_SIGN_STYLE = Automatic;
				CURRENT_PROJECT_VERSION = 1;
				DEVELOPMENT_TEAM = Q22D7D2L68;
				GENERATE_INFOPLIST_FILE = YES;
				INFOPLIST_FILE = SimpleKeyboard/Info.plist;
				INFOPLIST_KEY_CFBundleDisplayName = SimpleKeyboard;
				INFOPLIST_KEY_NSHumanReadableCopyright = "";
				LD_RUNPATH_SEARCH_PATHS = (
					"$(inherited)",
					"@executable_path/Frameworks",
					"@executable_path/../../Frameworks",
				);
				MARKETING_VERSION = 1.0;
				PRODUCT_BUNDLE_IDENTIFIER = "Peter-Zhong.SimpleKeyboardApp.SimpleKeyboard";
				PRODUCT_NAME = "$(TARGET_NAME)";
				SKIP_INSTALL = YES;
				SWIFT_EMIT_LOC_STRINGS = YES;
				SWIFT_VERSION = 5.0;
				TARGETED_DEVICE_FAMILY = "1,2";
			};
			name = Release;
		};
/* End XCBuildConfiguration section */

/* Begin XCConfigurationList section */
		D0C0E3162827D82F00795CD0 /* Build configuration list for PBXProject "SimpleKeyboardApp" */ = {
			isa = XCConfigurationList;
			buildConfigurations = (
				D0C0E3432827D83500795CD0 /* Debug */,
				D0C0E3442827D83500795CD0 /* Release */,
			);
			defaultConfigurationIsVisible = 0;
			defaultConfigurationName = Release;
		};
		D0C0E3452827D83500795CD0 /* Build configuration list for PBXNativeTarget "SimpleKeyboardApp" */ = {
			isa = XCConfigurationList;
			buildConfigurations = (
				D0C0E3462827D83500795CD0 /* Debug */,
				D0C0E3472827D83500795CD0 /* Release */,
			);
			defaultConfigurationIsVisible = 0;
			defaultConfigurationName = Release;
		};
		D0C0E3482827D83500795CD0 /* Build configuration list for PBXNativeTarget "SimpleKeyboardAppTests" */ = {
			isa = XCConfigurationList;
			buildConfigurations = (
				D0C0E3492827D83500795CD0 /* Debug */,
				D0C0E34A2827D83500795CD0 /* Release */,
			);
			defaultConfigurationIsVisible = 0;
			defaultConfigurationName = Release;
		};
		D0C0E34B2827D83500795CD0 /* Build configuration list for PBXNativeTarget "SimpleKeyboardAppUITests" */ = {
			isa = XCConfigurationList;
			buildConfigurations = (
				D0C0E34C2827D83500795CD0 /* Debug */,
				D0C0E34D2827D83500795CD0 /* Release */,
			);
			defaultConfigurationIsVisible = 0;
			defaultConfigurationName = Release;
		};
		D0C0E35D2827D87F00795CD0 /* Build configuration list for PBXNativeTarget "SimpleKeyboard" */ = {
			isa = XCConfigurationList;
			buildConfigurations = (
				D0C0E35B2827D87F00795CD0 /* Debug */,
				D0C0E35C2827D87F00795CD0 /* Release */,
			);
			defaultConfigurationIsVisible = 0;
			defaultConfigurationName = Release;
		};
/* End XCConfigurationList section */

/* Begin XCRemoteSwiftPackageReference section */
		D0C0E35E2828CE2600795CD0 /* XCRemoteSwiftPackageReference "KeyboardKit" */ = {
			isa = XCRemoteSwiftPackageReference;
			repositoryURL = "https://github.com/GlockTian/KeyboardKit";
			requirement = {
				kind = upToNextMajorVersion;
				minimumVersion = 6.0.0;
			};
		};
/* End XCRemoteSwiftPackageReference section */

/* Begin XCSwiftPackageProductDependency section */
		D0CE809728BDB7900057AE78 /* KeyboardKit */ = {
			isa = XCSwiftPackageProductDependency;
			package = D0C0E35E2828CE2600795CD0 /* XCRemoteSwiftPackageReference "KeyboardKit" */;
			productName = KeyboardKit;
		};
/* End XCSwiftPackageProductDependency section */
	};
	rootObject = D0C0E3132827D82F00795CD0 /* Project object */;
}
